// !$*UTF8*$!
{
	archiveVersion = 1;
	classes = {
	};
	objectVersion = 46;
	objects = {

/* Begin PBXBuildFile section */
		5935EA1D1E637DAB0047E83E /* AppDelegate.swift in Sources */ = {isa = PBXBuildFile; fileRef = 5935EA1C1E637DAB0047E83E /* AppDelegate.swift */; };
		5935EA1F1E637DAB0047E83E /* ViewController.swift in Sources */ = {isa = PBXBuildFile; fileRef = 5935EA1E1E637DAB0047E83E /* ViewController.swift */; };
		5935EA221E637DAB0047E83E /* Main.storyboard in Resources */ = {isa = PBXBuildFile; fileRef = 5935EA201E637DAB0047E83E /* Main.storyboard */; };
		5935EA241E637DAB0047E83E /* Assets.xcassets in Resources */ = {isa = PBXBuildFile; fileRef = 5935EA231E637DAB0047E83E /* Assets.xcassets */; };
		5935EA271E637DAB0047E83E /* LaunchScreen.storyboard in Resources */ = {isa = PBXBuildFile; fileRef = 5935EA251E637DAB0047E83E /* LaunchScreen.storyboard */; };
		5935EA301E637DE90047E83E /* SpriteKit.framework in Frameworks */ = {isa = PBXBuildFile; fileRef = 5935EA2F1E637DE90047E83E /* SpriteKit.framework */; };
		5935EA321E637F940047E83E /* GameScene.swift in Sources */ = {isa = PBXBuildFile; fileRef = 5935EA311E637F940047E83E /* GameScene.swift */; };
/* End PBXBuildFile section */

/* Begin PBXFileReference section */
		5935EA191E637DAB0047E83E /* FlappyBird.app */ = {isa = PBXFileReference; explicitFileType = wrapper.application; includeInIndex = 0; path = FlappyBird.app; sourceTree = BUILT_PRODUCTS_DIR; };
		5935EA1C1E637DAB0047E83E /* AppDelegate.swift */ = {isa = PBXFileReference; lastKnownFileType = sourcecode.swift; path = AppDelegate.swift; sourceTree = "<group>"; };
		5935EA1E1E637DAB0047E83E /* ViewController.swift */ = {isa = PBXFileReference; lastKnownFileType = sourcecode.swift; path = ViewController.swift; sourceTree = "<group>"; };
		5935EA211E637DAB0047E83E /* Base */ = {isa = PBXFileReference; lastKnownFileType = file.storyboard; name = Base; path = Base.lproj/Main.storyboard; sourceTree = "<group>"; };
		5935EA231E637DAB0047E83E /* Assets.xcassets */ = {isa = PBXFileReference; lastKnownFileType = folder.assetcatalog; path = Assets.xcassets; sourceTree = "<group>"; };
		5935EA261E637DAB0047E83E /* Base */ = {isa = PBXFileReference; lastKnownFileType = file.storyboard; name = Base; path = Base.lproj/LaunchScreen.storyboard; sourceTree = "<group>"; };
		5935EA281E637DAB0047E83E /* Info.plist */ = {isa = PBXFileReference; lastKnownFileType = text.plist.xml; path = Info.plist; sourceTree = "<group>"; };
		5935EA2F1E637DE90047E83E /* SpriteKit.framework */ = {isa = PBXFileReference; lastKnownFileType = wrapper.framework; name = SpriteKit.framework; path = System/Library/Frameworks/SpriteKit.framework; sourceTree = SDKROOT; };
		5935EA311E637F940047E83E /* GameScene.swift */ = {isa = PBXFileReference; fileEncoding = 4; lastKnownFileType = sourcecode.swift; path = GameScene.swift; sourceTree = "<group>"; };
/* End PBXFileReference section */

/* Begin PBXFrameworksBuildPhase section */
		5935EA161E637DAB0047E83E /* Frameworks */ = {
			isa = PBXFrameworksBuildPhase;
			buildActionMask = 2147483647;
			files = (
				5935EA301E637DE90047E83E /* SpriteKit.framework in Frameworks */,
			);
			runOnlyForDeploymentPostprocessing = 0;
		};
/* End PBXFrameworksBuildPhase section */

/* Begin PBXGroup section */
		5935EA101E637DAB0047E83E = {
			isa = PBXGroup;
			children = (
				5935EA1B1E637DAB0047E83E /* FlappyBird */,
				5935EA1A1E637DAB0047E83E /* Products */,
				5935EA2E1E637DE90047E83E /* Frameworks */,
			);
			sourceTree = "<group>";
		};
		5935EA1A1E637DAB0047E83E /* Products */ = {
			isa = PBXGroup;
			children = (
				5935EA191E637DAB0047E83E /* FlappyBird.app */,
			);
			name = Products;
			sourceTree = "<group>";
		};
		5935EA1B1E637DAB0047E83E /* FlappyBird */ = {
			isa = PBXGroup;
			children = (
				5935EA1C1E637DAB0047E83E /* AppDelegate.swift */,
				5935EA1E1E637DAB0047E83E /* ViewController.swift */,
				5935EA201E637DAB0047E83E /* Main.storyboard */,
				5935EA311E637F940047E83E /* GameScene.swift */,
				5935EA231E637DAB0047E83E /* Assets.xcassets */,
				5935EA251E637DAB0047E83E /* LaunchScreen.storyboard */,
				5935EA281E637DAB0047E83E /* Info.plist */,
			);
			path = FlappyBird;
			sourceTree = "<group>";
		};
		5935EA2E1E637DE90047E83E /* Frameworks */ = {
			isa = PBXGroup;
			children = (
				5935EA2F1E637DE90047E83E /* SpriteKit.framework */,
			);
			name = Frameworks;
			sourceTree = "<group>";
		};
/* End PBXGroup section */

/* Begin PBXNativeTarget section */
		5935EA181E637DAB0047E83E /* FlappyBird */ = {
			isa = PBXNativeTarget;
			buildConfigurationList = 5935EA2B1E637DAB0047E83E /* Build configuration list for PBXNativeTarget "FlappyBird" */;
			buildPhases = (
				5935EA151E637DAB0047E83E /* Sources */,
				5935EA161E637DAB0047E83E /* Frameworks */,
				5935EA171E637DAB0047E83E /* Resources */,
			);
			buildRules = (
			);
			dependencies = (
			);
			name = FlappyBird;
			productName = FlappyBird;
			productReference = 5935EA191E637DAB0047E83E /* FlappyBird.app */;
			productType = "com.apple.product-type.application";
		};
/* End PBXNativeTarget section */

/* Begin PBXProject section */
		5935EA111E637DAB0047E83E /* Project object */ = {
			isa = PBXProject;
			attributes = {
				LastSwiftUpdateCheck = 0820;
				LastUpgradeCheck = 0820;
				ORGANIZATIONNAME = Iwazaki;
				TargetAttributes = {
					5935EA181E637DAB0047E83E = {
						CreatedOnToolsVersion = 8.2.1;
						DevelopmentTeam = XAV9Y7225R;
						ProvisioningStyle = Automatic;
					};
				};
			};
			buildConfigurationList = 5935EA141E637DAB0047E83E /* Build configuration list for PBXProject "FlappyBird" */;
			compatibilityVersion = "Xcode 3.2";
			developmentRegion = English;
			hasScannedForEncodings = 0;
			knownRegions = (
				en,
				Base,
			);
			mainGroup = 5935EA101E637DAB0047E83E;
			productRefGroup = 5935EA1A1E637DAB0047E83E /* Products */;
			projectDirPath = "";
			projectRoot = "";
			targets = (
				5935EA181E637DAB0047E83E /* FlappyBird */,
			);
		};
/* End PBXProject section */

/* Begin PBXResourcesBuildPhase section */
		5935EA171E637DAB0047E83E /* Resources */ = {
			isa = PBXResourcesBuildPhase;
			buildActionMask = 2147483647;
			files = (
				5935EA271E637DAB0047E83E /* LaunchScreen.storyboard in Resources */,
				5935EA241E637DAB0047E83E /* Assets.xcassets in Resources */,
				5935EA221E637DAB0047E83E /* Main.storyboard in Resources */,
			);
			runOnlyForDeploymentPostprocessing = 0;
		};
/* End PBXResourcesBuildPhase section */

/* Begin PBXSourcesBuildPhase section */
		5935EA151E637DAB0047E83E /* Sources */ = {
			isa = PBXSourcesBuildPhase;
			buildActionMask = 2147483647;
			files = (
				5935EA321E637F940047E83E /* GameScene.swift in Sources */,
				5935EA1F1E637DAB0047E83E /* ViewController.swift in Sources */,
				5935EA1D1E637DAB0047E83E /* AppDelegate.swift in Sources */,
			);
			runOnlyForDeploymentPostprocessing = 0;
		};
/* End PBXSourcesBuildPhase section */

/* Begin PBXVariantGroup section */
		5935EA201E637DAB0047E83E /* Main.storyboard */ = {
			isa = PBXVariantGroup;
			children = (
				5935EA211E637DAB0047E83E /* Base */,
			);
			name = Main.storyboard;
			sourceTree = "<group>";
		};
		5935EA251E637DAB0047E83E /* LaunchScreen.storyboard */ = {
			isa = PBXVariantGroup;
			children = (
				5935EA261E637DAB0047E83E /* Base */,
			);
			name = LaunchScreen.storyboard;
			sourceTree = "<group>";
		};
/* End PBXVariantGroup section */

/* Begin XCBuildConfiguration section */
		5935EA291E637DAB0047E83E /* Debug */ = {
			isa = XCBuildConfiguration;
			buildSettings = {
				ALWAYS_SEARCH_USER_PATHS = NO;
				CLANG_ANALYZER_NONNULL = YES;
				CLANG_CXX_LANGUAGE_STANDARD = "gnu++0x";
				CLANG_CXX_LIBRARY = "libc++";
				CLANG_ENABLE_MODULES = YES;
				CLANG_ENABLE_OBJC_ARC = YES;
				CLANG_WARN_BOOL_CONVERSION = YES;
				CLANG_WARN_CONSTANT_CONVERSION = YES;
				CLANG_WARN_DIRECT_OBJC_ISA_USAGE = YES_ERROR;
				CLANG_WARN_DOCUMENTATION_COMMENTS = YES;
				CLANG_WARN_EMPTY_BODY = YES;
				CLANG_WARN_ENUM_CONVERSION = YES;
				CLANG_WARN_INFINITE_RECURSION = YES;
				CLANG_WARN_INT_CONVERSION = YES;
				CLANG_WARN_OBJC_ROOT_CLASS = YES_ERROR;
				CLANG_WARN_SUSPICIOUS_MOVE = YES;
				CLANG_WARN_UNREACHABLE_CODE = YES;
				CLANG_WARN__DUPLICATE_METHOD_MATCH = YES;
				"CODE_SIGN_IDENTITY[sdk=iphoneos*]" = "iPhone Developer";
				COPY_PHASE_STRIP = NO;
				DEBUG_INFORMATION_FORMAT = dwarf;
				ENABLE_STRICT_OBJC_MSGSEND = YES;
				ENABLE_TESTABILITY = YES;
				GCC_C_LANGUAGE_STANDARD = gnu99;
				GCC_DYNAMIC_NO_PIC = NO;
				GCC_NO_COMMON_BLOCKS = YES;
				GCC_OPTIMIZATION_LEVEL = 0;
				GCC_PREPROCESSOR_DEFINITIONS = (
					"DEBUG=1",
					"$(inherited)",
				);
				GCC_WARN_64_TO_32_BIT_CONVERSION = YES;
				GCC_WARN_ABOUT_RETURN_TYPE = YES_ERROR;
				GCC_WARN_UNDECLARED_SELECTOR = YES;
				GCC_WARN_UNINITIALIZED_AUTOS = YES_AGGRESSIVE;
				GCC_WARN_UNUSED_FUNCTION = YES;
				GCC_WARN_UNUSED_VARIABLE = YES;
				IPHONEOS_DEPLOYMENT_TARGET = 10.2;
				MTL_ENABLE_DEBUG_INFO = YES;
				ONLY_ACTIVE_ARCH = YES;
				SDKROOT = iphoneos;
				SWIFT_ACTIVE_COMPILATION_CONDITIONS = DEBUG;
				SWIFT_OPTIMIZATION_LEVEL = "-Onone";
			};
			name = Debug;
		};
		5935EA2A1E637DAB0047E83E /* Release */ = {
			isa = XCBuildConfiguration;
			buildSettings = {
				ALWAYS_SEARCH_USER_PATHS = NO;
				CLANG_ANALYZER_NONNULL = YES;
				CLANG_CXX_LANGUAGE_STANDARD = "gnu++0x";
				CLANG_CXX_LIBRARY = "libc++";
				CLANG_ENABLE_MODULES = YES;
				CLANG_ENABLE_OBJC_ARC = YES;
				CLANG_WARN_BOOL_CONVERSION = YES;
				CLANG_WARN_CONSTANT_CONVERSION = YES;
				CLANG_WARN_DIRECT_OBJC_ISA_USAGE = YES_ERROR;
				CLANG_WARN_DOCUMENTATION_COMMENTS = YES;
				CLANG_WARN_EMPTY_BODY = YES;
				CLANG_WARN_ENUM_CONVERSION = YES;
				CLANG_WARN_INFINITE_RECURSION = YES;
				CLANG_WARN_INT_CONVERSION = YES;
				CLANG_WARN_OBJC_ROOT_CLASS = YES_ERROR;
				CLANG_WARN_SUSPICIOUS_MOVE = YES;
				CLANG_WARN_UNREACHABLE_CODE = YES;
				CLANG_WARN__DUPLICATE_METHOD_MATCH = YES;
				"CODE_SIGN_IDENTITY[sdk=iphoneos*]" = "iPhone Developer";
				COPY_PHASE_STRIP = NO;
				DEBUG_INFORMATION_FORMAT = "dwarf-with-dsym";
				ENABLE_NS_ASSERTIONS = NO;
				ENABLE_STRICT_OBJC_MSGSEND = YES;
				GCC_C_LANGUAGE_STANDARD = gnu99;
				GCC_NO_COMMON_BLOCKS = YES;
				GCC_WARN_64_TO_32_BIT_CONVERSION = YES;
				GCC_WARN_ABOUT_RETURN_TYPE = YES_ERROR;
				GCC_WARN_UNDECLARED_SELECTOR = YES;
				GCC_WARN_UNINITIALIZED_AUTOS = YES_AGGRESSIVE;
				GCC_WARN_UNUSED_FUNCTION = YES;
				GCC_WARN_UNUSED_VARIABLE = YES;
				IPHONEOS_DEPLOYMENT_TARGET = 10.2;
				MTL_ENABLE_DEBUG_INFO = NO;
				SDKROOT = iphoneos;
				SWIFT_OPTIMIZATION_LEVEL = "-Owholemodule";
				VALIDATE_PRODUCT = YES;
			};
			name = Release;
		};
		5935EA2C1E637DAB0047E83E /* Debug */ = {
			isa = XCBuildConfiguration;
			buildSettings = {
				ASSETCATALOG_COMPILER_APPICON_NAME = AppIcon;
				DEVELOPMENT_TEAM = XAV9Y7225R;
				INFOPLIST_FILE = FlappyBird/Info.plist;
				LD_RUNPATH_SEARCH_PATHS = "$(inherited) @executable_path/Frameworks";
				PRODUCT_BUNDLE_IDENTIFIER = jp.techacademy.kumiko.iwazaki.FlappyBird;
				PRODUCT_NAME = "$(TARGET_NAME)";
				SWIFT_VERSION = 3.0;
			};
			name = Debug;
		};
		5935EA2D1E637DAB0047E83E /* Release */ = {
			isa = XCBuildConfiguration;
			buildSettings = {
				ASSETCATALOG_COMPILER_APPICON_NAME = AppIcon;
				DEVELOPMENT_TEAM = XAV9Y7225R;
				INFOPLIST_FILE = FlappyBird/Info.plist;
				LD_RUNPATH_SEARCH_PATHS = "$(inherited) @executable_path/Frameworks";
				PRODUCT_BUNDLE_IDENTIFIER = jp.techacademy.kumiko.iwazaki.FlappyBird;
				PRODUCT_NAME = "$(TARGET_NAME)";
				SWIFT_VERSION = 3.0;
			};
			name = Release;
		};
/* End XCBuildConfiguration section */

/* Begin XCConfigurationList section */
		5935EA141E637DAB0047E83E /* Build configuration list for PBXProject "FlappyBird" */ = {
			isa = XCConfigurationList;
			buildConfigurations = (
				5935EA291E637DAB0047E83E /* Debug */,
				5935EA2A1E637DAB0047E83E /* Release */,
			);
			defaultConfigurationIsVisible = 0;
			defaultConfigurationName = Release;
		};
		5935EA2B1E637DAB0047E83E /* Build configuration list for PBXNativeTarget "FlappyBird" */ = {
			isa = XCConfigurationList;
			buildConfigurations = (
				5935EA2C1E637DAB0047E83E /* Debug */,
				5935EA2D1E637DAB0047E83E /* Release */,
			);
			defaultConfigurationIsVisible = 0;
		};
/* End XCConfigurationList section */
	};
	rootObject = 5935EA111E637DAB0047E83E /* Project object */;
}
